PODS:
  - Masonry (1.1.0)
  - SDAutoLayout (2.2.1)

DEPENDENCIES:
  - Masonry
  - SDAutoLayout

SPEC REPOS:
  https://github.com/cocoapods/specs.git:
    - Masonry
    - SDAutoLayout

SPEC CHECKSUMS:
  Masonry: 678fab65091a9290e40e2832a55e7ab731aad201
  SDAutoLayout: 8bf6b3bbc8b01f775d4defbb4fda2ace805461be

PODFILE CHECKSUM: 60af55f549f6c90407c1b488b9e314ae1b282391

COCOAPODS: 1.5.3
